// !$*UTF8*$!
{
	archiveVersion = 1;
	classes = {
	};
	objectVersion = 46;
	objects = {

/* Begin PBXBuildFile section */
		6473FC851D1131C3007C2BCA /* NotificationCenter.framework in Frameworks */ = {isa = PBXBuildFile; fileRef = 6473FC841D1131C3007C2BCA /* NotificationCenter.framework */; };
		6473FC881D1131C3007C2BCA /* TodayViewController.swift in Sources */ = {isa = PBXBuildFile; fileRef = 6473FC871D1131C3007C2BCA /* TodayViewController.swift */; };
		6473FC8B1D1131C3007C2BCA /* MainInterface.storyboard in Resources */ = {isa = PBXBuildFile; fileRef = 6473FC891D1131C3007C2BCA /* MainInterface.storyboard */; };
		6473FC8F1D1131C3007C2BCA /* Morning Motivator Widget.appex in Embed App Extensions */ = {isa = PBXBuildFile; fileRef = 6473FC821D1131C3007C2BCA /* Morning Motivator Widget.appex */; settings = {ATTRIBUTES = (RemoveHeadersOnCopy, ); }; };
		6473FC951D11320C007C2BCA /* DateCalculator.swift in Sources */ = {isa = PBXBuildFile; fileRef = 6473FC941D11320C007C2BCA /* DateCalculator.swift */; };
		6473FC961D1133CA007C2BCA /* RouteView.swift in Sources */ = {isa = PBXBuildFile; fileRef = E2BB0D2B1D108422004D7FC1 /* RouteView.swift */; };
		6473FC971D1133E9007C2BCA /* FontAwesome.swift in Sources */ = {isa = PBXBuildFile; fileRef = E2BB0D251D10833A004D7FC1 /* FontAwesome.swift */; };
		6473FC981D1133F1007C2BCA /* FontAwesome.otf in Resources */ = {isa = PBXBuildFile; fileRef = E2BB0D241D10833A004D7FC1 /* FontAwesome.otf */; };
		6473FC991D1133F3007C2BCA /* Enum.swift in Sources */ = {isa = PBXBuildFile; fileRef = E2BB0D231D10833A004D7FC1 /* Enum.swift */; };
		6473FC9A1D1133FE007C2BCA /* DateCalculator.swift in Sources */ = {isa = PBXBuildFile; fileRef = 6473FC941D11320C007C2BCA /* DateCalculator.swift */; };
		64D071C91D127E6800A20E19 /* Settings.swift in Sources */ = {isa = PBXBuildFile; fileRef = 64D071C81D127E6800A20E19 /* Settings.swift */; };
		64D071CA1D127E6800A20E19 /* Settings.swift in Sources */ = {isa = PBXBuildFile; fileRef = 64D071C81D127E6800A20E19 /* Settings.swift */; };
		E2BB0D0F1D1082F5004D7FC1 /* AppDelegate.swift in Sources */ = {isa = PBXBuildFile; fileRef = E2BB0D0E1D1082F5004D7FC1 /* AppDelegate.swift */; };
		E2BB0D111D1082F5004D7FC1 /* ViewController.swift in Sources */ = {isa = PBXBuildFile; fileRef = E2BB0D101D1082F5004D7FC1 /* ViewController.swift */; };
		E2BB0D141D1082F5004D7FC1 /* Main.storyboard in Resources */ = {isa = PBXBuildFile; fileRef = E2BB0D121D1082F5004D7FC1 /* Main.storyboard */; };
		E2BB0D171D1082F5004D7FC1 /* Morning_Motivator.xcdatamodeld in Sources */ = {isa = PBXBuildFile; fileRef = E2BB0D151D1082F5004D7FC1 /* Morning_Motivator.xcdatamodeld */; };
		E2BB0D191D1082F5004D7FC1 /* Assets.xcassets in Resources */ = {isa = PBXBuildFile; fileRef = E2BB0D181D1082F5004D7FC1 /* Assets.xcassets */; };
		E2BB0D1C1D1082F5004D7FC1 /* LaunchScreen.storyboard in Resources */ = {isa = PBXBuildFile; fileRef = E2BB0D1A1D1082F5004D7FC1 /* LaunchScreen.storyboard */; };
		E2BB0D261D10833A004D7FC1 /* Enum.swift in Sources */ = {isa = PBXBuildFile; fileRef = E2BB0D231D10833A004D7FC1 /* Enum.swift */; };
		E2BB0D271D10833A004D7FC1 /* FontAwesome.otf in Resources */ = {isa = PBXBuildFile; fileRef = E2BB0D241D10833A004D7FC1 /* FontAwesome.otf */; };
		E2BB0D281D10833A004D7FC1 /* FontAwesome.swift in Sources */ = {isa = PBXBuildFile; fileRef = E2BB0D251D10833A004D7FC1 /* FontAwesome.swift */; };
		E2BB0D2C1D108422004D7FC1 /* RouteView.swift in Sources */ = {isa = PBXBuildFile; fileRef = E2BB0D2B1D108422004D7FC1 /* RouteView.swift */; };
/* End PBXBuildFile section */

/* Begin PBXContainerItemProxy section */
		6473FC8D1D1131C3007C2BCA /* PBXContainerItemProxy */ = {
			isa = PBXContainerItemProxy;
			containerPortal = E2BB0D031D1082F4004D7FC1 /* Project object */;
			proxyType = 1;
			remoteGlobalIDString = 6473FC811D1131C3007C2BCA;
			remoteInfo = "Morning Motivator Widget";
		};
/* End PBXContainerItemProxy section */

/* Begin PBXCopyFilesBuildPhase section */
		6473FC931D1131C3007C2BCA /* Embed App Extensions */ = {
			isa = PBXCopyFilesBuildPhase;
			buildActionMask = 2147483647;
			dstPath = "";
			dstSubfolderSpec = 13;
			files = (
				6473FC8F1D1131C3007C2BCA /* Morning Motivator Widget.appex in Embed App Extensions */,
			);
			name = "Embed App Extensions";
			runOnlyForDeploymentPostprocessing = 0;
		};
/* End PBXCopyFilesBuildPhase section */

/* Begin PBXFileReference section */
		6473FC821D1131C3007C2BCA /* Morning Motivator Widget.appex */ = {isa = PBXFileReference; explicitFileType = "wrapper.app-extension"; includeInIndex = 0; path = "Morning Motivator Widget.appex"; sourceTree = BUILT_PRODUCTS_DIR; };
		6473FC841D1131C3007C2BCA /* NotificationCenter.framework */ = {isa = PBXFileReference; lastKnownFileType = wrapper.framework; name = NotificationCenter.framework; path = System/Library/Frameworks/NotificationCenter.framework; sourceTree = SDKROOT; };
		6473FC871D1131C3007C2BCA /* TodayViewController.swift */ = {isa = PBXFileReference; lastKnownFileType = sourcecode.swift; path = TodayViewController.swift; sourceTree = "<group>"; };
		6473FC8A1D1131C3007C2BCA /* Base */ = {isa = PBXFileReference; lastKnownFileType = file.storyboard; name = Base; path = Base.lproj/MainInterface.storyboard; sourceTree = "<group>"; };
		6473FC8C1D1131C3007C2BCA /* Info.plist */ = {isa = PBXFileReference; lastKnownFileType = text.plist.xml; path = Info.plist; sourceTree = "<group>"; };
		6473FC941D11320C007C2BCA /* DateCalculator.swift */ = {isa = PBXFileReference; fileEncoding = 4; lastKnownFileType = sourcecode.swift; path = DateCalculator.swift; sourceTree = "<group>"; };
		64D071C81D127E6800A20E19 /* Settings.swift */ = {isa = PBXFileReference; fileEncoding = 4; lastKnownFileType = sourcecode.swift; path = Settings.swift; sourceTree = "<group>"; };
		E2BB0D0B1D1082F5004D7FC1 /* Morning Motivator.app */ = {isa = PBXFileReference; explicitFileType = wrapper.application; includeInIndex = 0; path = "Morning Motivator.app"; sourceTree = BUILT_PRODUCTS_DIR; };
		E2BB0D0E1D1082F5004D7FC1 /* AppDelegate.swift */ = {isa = PBXFileReference; lastKnownFileType = sourcecode.swift; path = AppDelegate.swift; sourceTree = "<group>"; };
		E2BB0D101D1082F5004D7FC1 /* ViewController.swift */ = {isa = PBXFileReference; lastKnownFileType = sourcecode.swift; path = ViewController.swift; sourceTree = "<group>"; };
		E2BB0D131D1082F5004D7FC1 /* Base */ = {isa = PBXFileReference; lastKnownFileType = file.storyboard; name = Base; path = Base.lproj/Main.storyboard; sourceTree = "<group>"; };
		E2BB0D161D1082F5004D7FC1 /* Morning_Motivator.xcdatamodel */ = {isa = PBXFileReference; lastKnownFileType = wrapper.xcdatamodel; path = Morning_Motivator.xcdatamodel; sourceTree = "<group>"; };
		E2BB0D181D1082F5004D7FC1 /* Assets.xcassets */ = {isa = PBXFileReference; lastKnownFileType = folder.assetcatalog; path = Assets.xcassets; sourceTree = "<group>"; };
		E2BB0D1B1D1082F5004D7FC1 /* Base */ = {isa = PBXFileReference; lastKnownFileType = file.storyboard; name = Base; path = Base.lproj/LaunchScreen.storyboard; sourceTree = "<group>"; };
		E2BB0D1D1D1082F5004D7FC1 /* Info.plist */ = {isa = PBXFileReference; lastKnownFileType = text.plist.xml; path = Info.plist; sourceTree = "<group>"; };
		E2BB0D231D10833A004D7FC1 /* Enum.swift */ = {isa = PBXFileReference; fileEncoding = 4; lastKnownFileType = sourcecode.swift; path = Enum.swift; sourceTree = "<group>"; };
		E2BB0D241D10833A004D7FC1 /* FontAwesome.otf */ = {isa = PBXFileReference; lastKnownFileType = file; path = FontAwesome.otf; sourceTree = "<group>"; };
		E2BB0D251D10833A004D7FC1 /* FontAwesome.swift */ = {isa = PBXFileReference; fileEncoding = 4; lastKnownFileType = sourcecode.swift; path = FontAwesome.swift; sourceTree = "<group>"; };
		E2BB0D2B1D108422004D7FC1 /* RouteView.swift */ = {isa = PBXFileReference; fileEncoding = 4; lastKnownFileType = sourcecode.swift; path = RouteView.swift; sourceTree = "<group>"; };
/* End PBXFileReference section */

/* Begin PBXFrameworksBuildPhase section */
		6473FC7F1D1131C3007C2BCA /* Frameworks */ = {
			isa = PBXFrameworksBuildPhase;
			buildActionMask = 2147483647;
			files = (
				6473FC851D1131C3007C2BCA /* NotificationCenter.framework in Frameworks */,
			);
			runOnlyForDeploymentPostprocessing = 0;
		};
		E2BB0D081D1082F5004D7FC1 /* Frameworks */ = {
			isa = PBXFrameworksBuildPhase;
			buildActionMask = 2147483647;
			files = (
			);
			runOnlyForDeploymentPostprocessing = 0;
		};
/* End PBXFrameworksBuildPhase section */

/* Begin PBXGroup section */
		6473FC831D1131C3007C2BCA /* Frameworks */ = {
			isa = PBXGroup;
			children = (
				6473FC841D1131C3007C2BCA /* NotificationCenter.framework */,
			);
			name = Frameworks;
			sourceTree = "<group>";
		};
		6473FC861D1131C3007C2BCA /* Morning Motivator Widget */ = {
			isa = PBXGroup;
			children = (
				6473FC871D1131C3007C2BCA /* TodayViewController.swift */,
				6473FC891D1131C3007C2BCA /* MainInterface.storyboard */,
				6473FC8C1D1131C3007C2BCA /* Info.plist */,
			);
			path = "Morning Motivator Widget";
			sourceTree = "<group>";
		};
		E2BB0D021D1082F4004D7FC1 = {
			isa = PBXGroup;
			children = (
				E2BB0D0D1D1082F5004D7FC1 /* Morning Motivator */,
				6473FC861D1131C3007C2BCA /* Morning Motivator Widget */,
				6473FC831D1131C3007C2BCA /* Frameworks */,
				E2BB0D0C1D1082F5004D7FC1 /* Products */,
			);
			sourceTree = "<group>";
		};
		E2BB0D0C1D1082F5004D7FC1 /* Products */ = {
			isa = PBXGroup;
			children = (
				E2BB0D0B1D1082F5004D7FC1 /* Morning Motivator.app */,
				6473FC821D1131C3007C2BCA /* Morning Motivator Widget.appex */,
			);
			name = Products;
			sourceTree = "<group>";
		};
		E2BB0D0D1D1082F5004D7FC1 /* Morning Motivator */ = {
			isa = PBXGroup;
			children = (
				E2BB0D0E1D1082F5004D7FC1 /* AppDelegate.swift */,
				E2BB0D101D1082F5004D7FC1 /* ViewController.swift */,
				E2BB0D121D1082F5004D7FC1 /* Main.storyboard */,
				E2BB0D181D1082F5004D7FC1 /* Assets.xcassets */,
				E2BB0D1A1D1082F5004D7FC1 /* LaunchScreen.storyboard */,
				E2BB0D1D1D1082F5004D7FC1 /* Info.plist */,
				E2BB0D151D1082F5004D7FC1 /* Morning_Motivator.xcdatamodeld */,
				E2BB0D231D10833A004D7FC1 /* Enum.swift */,
				E2BB0D241D10833A004D7FC1 /* FontAwesome.otf */,
				E2BB0D251D10833A004D7FC1 /* FontAwesome.swift */,
				E2BB0D2B1D108422004D7FC1 /* RouteView.swift */,
				6473FC941D11320C007C2BCA /* DateCalculator.swift */,
				64D071C81D127E6800A20E19 /* Settings.swift */,
			);
			path = "Morning Motivator";
			sourceTree = "<group>";
		};
/* End PBXGroup section */

/* Begin PBXNativeTarget section */
		6473FC811D1131C3007C2BCA /* Morning Motivator Widget */ = {
			isa = PBXNativeTarget;
			buildConfigurationList = 6473FC921D1131C3007C2BCA /* Build configuration list for PBXNativeTarget "Morning Motivator Widget" */;
			buildPhases = (
				6473FC7E1D1131C3007C2BCA /* Sources */,
				6473FC7F1D1131C3007C2BCA /* Frameworks */,
				6473FC801D1131C3007C2BCA /* Resources */,
			);
			buildRules = (
			);
			dependencies = (
			);
			name = "Morning Motivator Widget";
			productName = "Morning Motivator Widget";
			productReference = 6473FC821D1131C3007C2BCA /* Morning Motivator Widget.appex */;
			productType = "com.apple.product-type.app-extension";
		};
		E2BB0D0A1D1082F5004D7FC1 /* Morning Motivator */ = {
			isa = PBXNativeTarget;
			buildConfigurationList = E2BB0D201D1082F5004D7FC1 /* Build configuration list for PBXNativeTarget "Morning Motivator" */;
			buildPhases = (
				E2BB0D071D1082F5004D7FC1 /* Sources */,
				E2BB0D081D1082F5004D7FC1 /* Frameworks */,
				E2BB0D091D1082F5004D7FC1 /* Resources */,
				6473FC931D1131C3007C2BCA /* Embed App Extensions */,
			);
			buildRules = (
			);
			dependencies = (
				6473FC8E1D1131C3007C2BCA /* PBXTargetDependency */,
			);
			name = "Morning Motivator";
			productName = "Morning Motivator";
			productReference = E2BB0D0B1D1082F5004D7FC1 /* Morning Motivator.app */;
			productType = "com.apple.product-type.application";
		};
/* End PBXNativeTarget section */

/* Begin PBXProject section */
		E2BB0D031D1082F4004D7FC1 /* Project object */ = {
			isa = PBXProject;
			attributes = {
				LastSwiftUpdateCheck = 0730;
				LastUpgradeCheck = 0730;
				ORGANIZATIONNAME = "Toni Hoffmann";
				TargetAttributes = {
					6473FC811D1131C3007C2BCA = {
						CreatedOnToolsVersion = 7.3;
						DevelopmentTeam = T564M5W3X3;
					};
					E2BB0D0A1D1082F5004D7FC1 = {
						CreatedOnToolsVersion = 7.3.1;
						DevelopmentTeam = T564M5W3X3;
					};
				};
			};
			buildConfigurationList = E2BB0D061D1082F4004D7FC1 /* Build configuration list for PBXProject "Morning Motivator" */;
			compatibilityVersion = "Xcode 3.2";
			developmentRegion = English;
			hasScannedForEncodings = 0;
			knownRegions = (
				en,
				Base,
			);
			mainGroup = E2BB0D021D1082F4004D7FC1;
			productRefGroup = E2BB0D0C1D1082F5004D7FC1 /* Products */;
			projectDirPath = "";
			projectRoot = "";
			targets = (
				E2BB0D0A1D1082F5004D7FC1 /* Morning Motivator */,
				6473FC811D1131C3007C2BCA /* Morning Motivator Widget */,
			);
		};
/* End PBXProject section */

/* Begin PBXResourcesBuildPhase section */
		6473FC801D1131C3007C2BCA /* Resources */ = {
			isa = PBXResourcesBuildPhase;
			buildActionMask = 2147483647;
			files = (
				6473FC981D1133F1007C2BCA /* FontAwesome.otf in Resources */,
				6473FC8B1D1131C3007C2BCA /* MainInterface.storyboard in Resources */,
			);
			runOnlyForDeploymentPostprocessing = 0;
		};
		E2BB0D091D1082F5004D7FC1 /* Resources */ = {
			isa = PBXResourcesBuildPhase;
			buildActionMask = 2147483647;
			files = (
				E2BB0D1C1D1082F5004D7FC1 /* LaunchScreen.storyboard in Resources */,
				E2BB0D191D1082F5004D7FC1 /* Assets.xcassets in Resources */,
				E2BB0D271D10833A004D7FC1 /* FontAwesome.otf in Resources */,
				E2BB0D141D1082F5004D7FC1 /* Main.storyboard in Resources */,
			);
			runOnlyForDeploymentPostprocessing = 0;
		};
/* End PBXResourcesBuildPhase section */

/* Begin PBXSourcesBuildPhase section */
		6473FC7E1D1131C3007C2BCA /* Sources */ = {
			isa = PBXSourcesBuildPhase;
			buildActionMask = 2147483647;
			files = (
				64D071CA1D127E6800A20E19 /* Settings.swift in Sources */,
				6473FC961D1133CA007C2BCA /* RouteView.swift in Sources */,
				6473FC971D1133E9007C2BCA /* FontAwesome.swift in Sources */,
				6473FC9A1D1133FE007C2BCA /* DateCalculator.swift in Sources */,
				6473FC991D1133F3007C2BCA /* Enum.swift in Sources */,
				6473FC881D1131C3007C2BCA /* TodayViewController.swift in Sources */,
			);
			runOnlyForDeploymentPostprocessing = 0;
		};
		E2BB0D071D1082F5004D7FC1 /* Sources */ = {
			isa = PBXSourcesBuildPhase;
			buildActionMask = 2147483647;
			files = (
				E2BB0D281D10833A004D7FC1 /* FontAwesome.swift in Sources */,
				E2BB0D111D1082F5004D7FC1 /* ViewController.swift in Sources */,
				64D071C91D127E6800A20E19 /* Settings.swift in Sources */,
				E2BB0D0F1D1082F5004D7FC1 /* AppDelegate.swift in Sources */,
				E2BB0D261D10833A004D7FC1 /* Enum.swift in Sources */,
				E2BB0D2C1D108422004D7FC1 /* RouteView.swift in Sources */,
				E2BB0D171D1082F5004D7FC1 /* Morning_Motivator.xcdatamodeld in Sources */,
				6473FC951D11320C007C2BCA /* DateCalculator.swift in Sources */,
			);
			runOnlyForDeploymentPostprocessing = 0;
		};
/* End PBXSourcesBuildPhase section */

/* Begin PBXTargetDependency section */
		6473FC8E1D1131C3007C2BCA /* PBXTargetDependency */ = {
			isa = PBXTargetDependency;
			target = 6473FC811D1131C3007C2BCA /* Morning Motivator Widget */;
			targetProxy = 6473FC8D1D1131C3007C2BCA /* PBXContainerItemProxy */;
		};
/* End PBXTargetDependency section */

/* Begin PBXVariantGroup section */
		6473FC891D1131C3007C2BCA /* MainInterface.storyboard */ = {
			isa = PBXVariantGroup;
			children = (
				6473FC8A1D1131C3007C2BCA /* Base */,
			);
			name = MainInterface.storyboard;
			sourceTree = "<group>";
		};
		E2BB0D121D1082F5004D7FC1 /* Main.storyboard */ = {
			isa = PBXVariantGroup;
			children = (
				E2BB0D131D1082F5004D7FC1 /* Base */,
			);
			name = Main.storyboard;
			sourceTree = "<group>";
		};
		E2BB0D1A1D1082F5004D7FC1 /* LaunchScreen.storyboard */ = {
			isa = PBXVariantGroup;
			children = (
				E2BB0D1B1D1082F5004D7FC1 /* Base */,
			);
			name = LaunchScreen.storyboard;
			sourceTree = "<group>";
		};
/* End PBXVariantGroup section */

/* Begin XCBuildConfiguration section */
		6473FC901D1131C3007C2BCA /* Debug */ = {
			isa = XCBuildConfiguration;
			buildSettings = {
				INFOPLIST_FILE = "Morning Motivator Widget/Info.plist";
				LD_RUNPATH_SEARCH_PATHS = "$(inherited) @executable_path/Frameworks @executable_path/../../Frameworks";
				PRODUCT_BUNDLE_IDENTIFIER = "de.xremix.Morning-Motivator.Morning-Motivator-Widget";
				PRODUCT_NAME = "$(TARGET_NAME)";
				SKIP_INSTALL = YES;
			};
			name = Debug;
		};
		6473FC911D1131C3007C2BCA /* Release */ = {
			isa = XCBuildConfiguration;
			buildSettings = {
				INFOPLIST_FILE = "Morning Motivator Widget/Info.plist";
				LD_RUNPATH_SEARCH_PATHS = "$(inherited) @executable_path/Frameworks @executable_path/../../Frameworks";
				PRODUCT_BUNDLE_IDENTIFIER = "de.xremix.Morning-Motivator.Morning-Motivator-Widget";
				PRODUCT_NAME = "$(TARGET_NAME)";
				SKIP_INSTALL = YES;
			};
			name = Release;
		};
		E2BB0D1E1D1082F5004D7FC1 /* Debug */ = {
			isa = XCBuildConfiguration;
			buildSettings = {
				ALWAYS_SEARCH_USER_PATHS = NO;
				CLANG_ANALYZER_NONNULL = YES;
				CLANG_CXX_LANGUAGE_STANDARD = "gnu++0x";
				CLANG_CXX_LIBRARY = "libc++";
				CLANG_ENABLE_MODULES = YES;
				CLANG_ENABLE_OBJC_ARC = YES;
				CLANG_WARN_BOOL_CONVERSION = YES;
				CLANG_WARN_CONSTANT_CONVERSION = YES;
				CLANG_WARN_DIRECT_OBJC_ISA_USAGE = YES_ERROR;
				CLANG_WARN_EMPTY_BODY = YES;
				CLANG_WARN_ENUM_CONVERSION = YES;
				CLANG_WARN_INT_CONVERSION = YES;
				CLANG_WARN_OBJC_ROOT_CLASS = YES_ERROR;
				CLANG_WARN_UNREACHABLE_CODE = YES;
				CLANG_WARN__DUPLICATE_METHOD_MATCH = YES;
				"CODE_SIGN_IDENTITY[sdk=iphoneos*]" = "iPhone Developer";
				COPY_PHASE_STRIP = NO;
				DEBUG_INFORMATION_FORMAT = dwarf;
				ENABLE_STRICT_OBJC_MSGSEND = YES;
				ENABLE_TESTABILITY = YES;
				GCC_C_LANGUAGE_STANDARD = gnu99;
				GCC_DYNAMIC_NO_PIC = NO;
				GCC_NO_COMMON_BLOCKS = YES;
				GCC_OPTIMIZATION_LEVEL = 0;
				GCC_PREPROCESSOR_DEFINITIONS = (
					"DEBUG=1",
					"$(inherited)",
				);
				GCC_WARN_64_TO_32_BIT_CONVERSION = YES;
				GCC_WARN_ABOUT_RETURN_TYPE = YES_ERROR;
				GCC_WARN_UNDECLARED_SELECTOR = YES;
				GCC_WARN_UNINITIALIZED_AUTOS = YES_AGGRESSIVE;
				GCC_WARN_UNUSED_FUNCTION = YES;
				GCC_WARN_UNUSED_VARIABLE = YES;
				IPHONEOS_DEPLOYMENT_TARGET = 9.3;
				MTL_ENABLE_DEBUG_INFO = YES;
				ONLY_ACTIVE_ARCH = YES;
				SDKROOT = iphoneos;
				SWIFT_OPTIMIZATION_LEVEL = "-Onone";
				TARGETED_DEVICE_FAMILY = "1,2";
			};
			name = Debug;
		};
		E2BB0D1F1D1082F5004D7FC1 /* Release */ = {
			isa = XCBuildConfiguration;
			buildSettings = {
				ALWAYS_SEARCH_USER_PATHS = NO;
				CLANG_ANALYZER_NONNULL = YES;
				CLANG_CXX_LANGUAGE_STANDARD = "gnu++0x";
				CLANG_CXX_LIBRARY = "libc++";
				CLANG_ENABLE_MODULES = YES;
				CLANG_ENABLE_OBJC_ARC = YES;
				CLANG_WARN_BOOL_CONVERSION = YES;
				CLANG_WARN_CONSTANT_CONVERSION = YES;
				CLANG_WARN_DIRECT_OBJC_ISA_USAGE = YES_ERROR;
				CLANG_WARN_EMPTY_BODY = YES;
				CLANG_WARN_ENUM_CONVERSION = YES;
				CLANG_WARN_INT_CONVERSION = YES;
				CLANG_WARN_OBJC_ROOT_CLASS = YES_ERROR;
				CLANG_WARN_UNREACHABLE_CODE = YES;
				CLANG_WARN__DUPLICATE_METHOD_MATCH = YES;
				"CODE_SIGN_IDENTITY[sdk=iphoneos*]" = "iPhone Developer";
				COPY_PHASE_STRIP = NO;
				DEBUG_INFORMATION_FORMAT = "dwarf-with-dsym";
				ENABLE_NS_ASSERTIONS = NO;
				ENABLE_STRICT_OBJC_MSGSEND = YES;
				GCC_C_LANGUAGE_STANDARD = gnu99;
				GCC_NO_COMMON_BLOCKS = YES;
				GCC_WARN_64_TO_32_BIT_CONVERSION = YES;
				GCC_WARN_ABOUT_RETURN_TYPE = YES_ERROR;
				GCC_WARN_UNDECLARED_SELECTOR = YES;
				GCC_WARN_UNINITIALIZED_AUTOS = YES_AGGRESSIVE;
				GCC_WARN_UNUSED_FUNCTION = YES;
				GCC_WARN_UNUSED_VARIABLE = YES;
				IPHONEOS_DEPLOYMENT_TARGET = 9.3;
				MTL_ENABLE_DEBUG_INFO = NO;
				SDKROOT = iphoneos;
				TARGETED_DEVICE_FAMILY = "1,2";
				VALIDATE_PRODUCT = YES;
			};
			name = Release;
		};
		E2BB0D211D1082F5004D7FC1 /* Debug */ = {
			isa = XCBuildConfiguration;
			buildSettings = {
				ASSETCATALOG_COMPILER_APPICON_NAME = AppIcon;
				EMBEDDED_CONTENT_CONTAINS_SWIFT = YES;
				INFOPLIST_FILE = "Morning Motivator/Info.plist";
				LD_RUNPATH_SEARCH_PATHS = "$(inherited) @executable_path/Frameworks";
				PRODUCT_BUNDLE_IDENTIFIER = "de.xremix.Morning-Motivator";
				PRODUCT_NAME = "$(TARGET_NAME)";
			};
			name = Debug;
		};
		E2BB0D221D1082F5004D7FC1 /* Release */ = {
			isa = XCBuildConfiguration;
			buildSettings = {
				ASSETCATALOG_COMPILER_APPICON_NAME = AppIcon;
				EMBEDDED_CONTENT_CONTAINS_SWIFT = YES;
				INFOPLIST_FILE = "Morning Motivator/Info.plist";
				LD_RUNPATH_SEARCH_PATHS = "$(inherited) @executable_path/Frameworks";
				PRODUCT_BUNDLE_IDENTIFIER = "de.xremix.Morning-Motivator";
				PRODUCT_NAME = "$(TARGET_NAME)";
			};
			name = Release;
		};
/* End XCBuildConfiguration section */

/* Begin XCConfigurationList section */
		6473FC921D1131C3007C2BCA /* Build configuration list for PBXNativeTarget "Morning Motivator Widget" */ = {
			isa = XCConfigurationList;
			buildConfigurations = (
				6473FC901D1131C3007C2BCA /* Debug */,
				6473FC911D1131C3007C2BCA /* Release */,
			);
			defaultConfigurationIsVisible = 0;
			defaultConfigurationName = Release;
		};
		E2BB0D061D1082F4004D7FC1 /* Build configuration list for PBXProject "Morning Motivator" */ = {
			isa = XCConfigurationList;
			buildConfigurations = (
				E2BB0D1E1D1082F5004D7FC1 /* Debug */,
				E2BB0D1F1D1082F5004D7FC1 /* Release */,
			);
			defaultConfigurationIsVisible = 0;
			defaultConfigurationName = Release;
		};
		E2BB0D201D1082F5004D7FC1 /* Build configuration list for PBXNativeTarget "Morning Motivator" */ = {
			isa = XCConfigurationList;
			buildConfigurations = (
				E2BB0D211D1082F5004D7FC1 /* Debug */,
				E2BB0D221D1082F5004D7FC1 /* Release */,
			);
			defaultConfigurationIsVisible = 0;
			defaultConfigurationName = Release;
		};
/* End XCConfigurationList section */

/* Begin XCVersionGroup section */
		E2BB0D151D1082F5004D7FC1 /* Morning_Motivator.xcdatamodeld */ = {
			isa = XCVersionGroup;
			children = (
				E2BB0D161D1082F5004D7FC1 /* Morning_Motivator.xcdatamodel */,
			);
			currentVersion = E2BB0D161D1082F5004D7FC1 /* Morning_Motivator.xcdatamodel */;
			path = Morning_Motivator.xcdatamodeld;
			sourceTree = "<group>";
			versionGroupType = wrapper.xcdatamodel;
		};
/* End XCVersionGroup section */
	};
	rootObject = E2BB0D031D1082F4004D7FC1 /* Project object */;
}
